
Microsoft Visual Studio Solution File, Format Version 12.00
# Visual Studio 14
VisualStudioVersion = 14.0.25420.1
MinimumVisualStudioVersion = 10.0.40219.1
Project("{2150E333-8FDC-42A3-9474-1A3956D46DE8}") = "src", "src", "{4AB95CE7-4F47-4D2D-8479-F1BB32975F45}"
EndProject
Project("{2150E333-8FDC-42A3-9474-1A3956D46DE8}") = "Solution Items", "Solution Items", "{D75B1621-77CC-419E-94D4-B58A985D6C94}"
	ProjectSection(SolutionItems) = preProject
		global.json = global.json
	EndProjectSection
EndProject
Project("{8BB2217D-0F2D-49D1-97BC-3654ED321F3B}") = "DiscordExampleBot", "src\DiscordExampleBot\DiscordExampleBot.xproj", "{ECCCC379-E323-468D-891C-01FF222FEE49}"
EndProject
Global
	GlobalSection(SolutionConfigurationPlatforms) = preSolution
		Debug|Any CPU = Debug|Any CPU
		Release|Any CPU = Release|Any CPU
	EndGlobalSection
	GlobalSection(ProjectConfigurationPlatforms) = postSolution
		{ECCCC379-E323-468D-891C-01FF222FEE49}.Debug|Any CPU.ActiveCfg = Debug|Any CPU
		{ECCCC379-E323-468D-891C-01FF222FEE49}.Debug|Any CPU.Build.0 = Debug|Any CPU
		{ECCCC379-E323-468D-891C-01FF222FEE49}.Release|Any CPU.ActiveCfg = Release|Any CPU
		{ECCCC379-E323-468D-891C-01FF222FEE49}.Release|Any CPU.Build.0 = Release|Any CPU
	EndGlobalSection
	GlobalSection(SolutionProperties) = preSolution
		HideSolutionNode = FALSE
	EndGlobalSection
	GlobalSection(NestedProjects) = preSolution
		{ECCCC379-E323-468D-891C-01FF222FEE49} = {4AB95CE7-4F47-4D2D-8479-F1BB32975F45}
	EndGlobalSection
EndGlobal
